// !$*UTF8*$!
{
	archiveVersion = 1;
	classes = {
	};
	objectVersion = 46;
	objects = {

/* Begin PBXBuildFile section */
		EA11FA891BA5A63C008838CE /* p2button.png in Resources */ = {isa = PBXBuildFile; fileRef = EA11FA871BA5A63C008838CE /* p2button.png */; };
		EA11FA8B1BA5A711008838CE /* standardbutton.png in Resources */ = {isa = PBXBuildFile; fileRef = EA11FA8A1BA5A711008838CE /* standardbutton.png */; };
		EA11FA8D1BA5CAA3008838CE /* player1button.png in Resources */ = {isa = PBXBuildFile; fileRef = EA11FA8C1BA5CAA3008838CE /* player1button.png */; };
		EA1290D01B0F5AD700C95C12 /* AppDelegate.swift in Sources */ = {isa = PBXBuildFile; fileRef = EA1290CF1B0F5AD700C95C12 /* AppDelegate.swift */; };
		EA1290D21B0F5AD700C95C12 /* ViewController.swift in Sources */ = {isa = PBXBuildFile; fileRef = EA1290D11B0F5AD700C95C12 /* ViewController.swift */; };
		EA1290D51B0F5AD700C95C12 /* Main.storyboard in Resources */ = {isa = PBXBuildFile; fileRef = EA1290D31B0F5AD700C95C12 /* Main.storyboard */; };
		EA1290D71B0F5AD700C95C12 /* Images.xcassets in Resources */ = {isa = PBXBuildFile; fileRef = EA1290D61B0F5AD700C95C12 /* Images.xcassets */; };
		EA1290DA1B0F5AD700C95C12 /* LaunchScreen.xib in Resources */ = {isa = PBXBuildFile; fileRef = EA1290D81B0F5AD700C95C12 /* LaunchScreen.xib */; };
		EA1290E61B0F5AD700C95C12 /* marubatsuTests.swift in Sources */ = {isa = PBXBuildFile; fileRef = EA1290E51B0F5AD700C95C12 /* marubatsuTests.swift */; };
		EA1FE5FC1B1008F100BB8A6B /* cardFuchi.png in Resources */ = {isa = PBXBuildFile; fileRef = EA1FE5FB1B1008F100BB8A6B /* cardFuchi.png */; };
		EA22C5351BA3FE1F008CFA45 /* Social.framework in Frameworks */ = {isa = PBXBuildFile; fileRef = EA22C5341BA3FE1F008CFA45 /* Social.framework */; };
		EA422C4A1B47B38D0008C87E /* AdSupport.framework in Frameworks */ = {isa = PBXBuildFile; fileRef = EA422C491B47B38D0008C87E /* AdSupport.framework */; };
		EA422C4C1B47B39B0008C87E /* AudioToolbox.framework in Frameworks */ = {isa = PBXBuildFile; fileRef = EA422C4B1B47B39B0008C87E /* AudioToolbox.framework */; };
		EA422C4E1B47B3A70008C87E /* AVFoundation.framework in Frameworks */ = {isa = PBXBuildFile; fileRef = EA422C4D1B47B3A70008C87E /* AVFoundation.framework */; };
		EA422C501B47B3B50008C87E /* CoreGraphics.framework in Frameworks */ = {isa = PBXBuildFile; fileRef = EA422C4F1B47B3B50008C87E /* CoreGraphics.framework */; };
		EA422C521B47B3C90008C87E /* CoreTelephony.framework in Frameworks */ = {isa = PBXBuildFile; fileRef = EA422C511B47B3C90008C87E /* CoreTelephony.framework */; };
		EA422C541B47B3D70008C87E /* EventKit.framework in Frameworks */ = {isa = PBXBuildFile; fileRef = EA422C531B47B3D70008C87E /* EventKit.framework */; };
		EA422C561B47B3E20008C87E /* EventKitUI.framework in Frameworks */ = {isa = PBXBuildFile; fileRef = EA422C551B47B3E20008C87E /* EventKitUI.framework */; };
		EA422C581B47B3ED0008C87E /* MessageUI.framework in Frameworks */ = {isa = PBXBuildFile; fileRef = EA422C571B47B3ED0008C87E /* MessageUI.framework */; };
		EA422C5C1B47B4070008C87E /* SystemConfiguration.framework in Frameworks */ = {isa = PBXBuildFile; fileRef = EA422C5B1B47B4070008C87E /* SystemConfiguration.framework */; };
		EA422C5E1B47B4E90008C87E /* HomeViewController.swift in Sources */ = {isa = PBXBuildFile; fileRef = EA422C5D1B47B4E90008C87E /* HomeViewController.swift */; };
		EA64132B1BAE771400D34B70 /* school_kokubankeshi.png in Resources */ = {isa = PBXBuildFile; fileRef = EA64132A1BAE771400D34B70 /* school_kokubankeshi.png */; };
		EA64132D1BAE7C5100D34B70 /* kokubankeshi.png in Resources */ = {isa = PBXBuildFile; fileRef = EA64132C1BAE7C5100D34B70 /* kokubankeshi.png */; };
		EA6413321BAE7EC600D34B70 /* titleMarubbatsu.png in Resources */ = {isa = PBXBuildFile; fileRef = EA6413311BAE7EC600D34B70 /* titleMarubbatsu.png */; };
		EA6CA5481BB04BFC000EA920 /* GoogleMobileAds.framework in Frameworks */ = {isa = PBXBuildFile; fileRef = EA6CA5471BB04BFC000EA920 /* GoogleMobileAds.framework */; };
		EA6FE7DA1B58DF2000D09C82 /* StoreKit.framework in Frameworks */ = {isa = PBXBuildFile; fileRef = EA6FE7D91B58DF2000D09C82 /* StoreKit.framework */; };
		EA79BFF61B3D0586002CBAFF /* vsViewController.swift in Sources */ = {isa = PBXBuildFile; fileRef = EA79BFF51B3D0586002CBAFF /* vsViewController.swift */; };
		EAAEB51F1BA4340C009BA7B5 /* shareontwitter.png in Resources */ = {isa = PBXBuildFile; fileRef = EAAEB51E1BA4340C009BA7B5 /* shareontwitter.png */; };
		EAAEB5211BA44069009BA7B5 /* notification.png in Resources */ = {isa = PBXBuildFile; fileRef = EAAEB5201BA44069009BA7B5 /* notification.png */; };
		EAC449E71BAC2238002DB943 /* Main3.5.storyboard in Resources */ = {isa = PBXBuildFile; fileRef = EAC449E61BAC2238002DB943 /* Main3.5.storyboard */; };
		EAC449E91BAE5BA4002DB943 /* chalk.png in Resources */ = {isa = PBXBuildFile; fileRef = EAC449E81BAE5BA4002DB943 /* chalk.png */; };
		EAC449EB1BAE5C49002DB943 /* chalk2.png in Resources */ = {isa = PBXBuildFile; fileRef = EAC449EA1BAE5C49002DB943 /* chalk2.png */; };
		EAC449ED1BAE5C8E002DB943 /* chalk3.png in Resources */ = {isa = PBXBuildFile; fileRef = EAC449EC1BAE5C8E002DB943 /* chalk3.png */; };
		EAC449EF1BAE5DFB002DB943 /* chalk5.png in Resources */ = {isa = PBXBuildFile; fileRef = EAC449EE1BAE5DFB002DB943 /* chalk5.png */; };
		EAC449F11BAE6130002DB943 /* chalk7.png in Resources */ = {isa = PBXBuildFile; fileRef = EAC449F01BAE6130002DB943 /* chalk7.png */; };
		EAE1BFDF1B353FD20059DFFD /* RankingViewController.swift in Sources */ = {isa = PBXBuildFile; fileRef = EAE1BFDE1B353FD20059DFFD /* RankingViewController.swift */; };
/* End PBXBuildFile section */

/* Begin PBXContainerItemProxy section */
		EA1290E01B0F5AD700C95C12 /* PBXContainerItemProxy */ = {
			isa = PBXContainerItemProxy;
			containerPortal = EA1290C21B0F5AD700C95C12 /* Project object */;
			proxyType = 1;
			remoteGlobalIDString = EA1290C91B0F5AD700C95C12;
			remoteInfo = marubatsu;
		};
/* End PBXContainerItemProxy section */

/* Begin PBXFileReference section */
		EA11FA871BA5A63C008838CE /* p2button.png */ = {isa = PBXFileReference; lastKnownFileType = image.png; path = p2button.png; sourceTree = "<group>"; };
		EA11FA8A1BA5A711008838CE /* standardbutton.png */ = {isa = PBXFileReference; lastKnownFileType = image.png; path = standardbutton.png; sourceTree = "<group>"; };
		EA11FA8C1BA5CAA3008838CE /* player1button.png */ = {isa = PBXFileReference; lastKnownFileType = image.png; path = player1button.png; sourceTree = "<group>"; };
		EA1290CA1B0F5AD700C95C12 /* marubatsu.app */ = {isa = PBXFileReference; explicitFileType = wrapper.application; includeInIndex = 0; path = marubatsu.app; sourceTree = BUILT_PRODUCTS_DIR; };
		EA1290CE1B0F5AD700C95C12 /* Info.plist */ = {isa = PBXFileReference; lastKnownFileType = text.plist.xml; path = Info.plist; sourceTree = "<group>"; };
		EA1290CF1B0F5AD700C95C12 /* AppDelegate.swift */ = {isa = PBXFileReference; lastKnownFileType = sourcecode.swift; path = AppDelegate.swift; sourceTree = "<group>"; };
		EA1290D11B0F5AD700C95C12 /* ViewController.swift */ = {isa = PBXFileReference; lastKnownFileType = sourcecode.swift; path = ViewController.swift; sourceTree = "<group>"; };
		EA1290D41B0F5AD700C95C12 /* Base */ = {isa = PBXFileReference; lastKnownFileType = file.storyboard; name = Base; path = Base.lproj/Main.storyboard; sourceTree = "<group>"; };
		EA1290D61B0F5AD700C95C12 /* Images.xcassets */ = {isa = PBXFileReference; lastKnownFileType = folder.assetcatalog; path = Images.xcassets; sourceTree = "<group>"; };
		EA1290D91B0F5AD700C95C12 /* Base */ = {isa = PBXFileReference; lastKnownFileType = file.xib; name = Base; path = Base.lproj/LaunchScreen.xib; sourceTree = "<group>"; };
		EA1290DF1B0F5AD700C95C12 /* marubatsuTests.xctest */ = {isa = PBXFileReference; explicitFileType = wrapper.cfbundle; includeInIndex = 0; path = marubatsuTests.xctest; sourceTree = BUILT_PRODUCTS_DIR; };
		EA1290E41B0F5AD700C95C12 /* Info.plist */ = {isa = PBXFileReference; lastKnownFileType = text.plist.xml; path = Info.plist; sourceTree = "<group>"; };
		EA1290E51B0F5AD700C95C12 /* marubatsuTests.swift */ = {isa = PBXFileReference; lastKnownFileType = sourcecode.swift; path = marubatsuTests.swift; sourceTree = "<group>"; };
		EA1FE5FB1B1008F100BB8A6B /* cardFuchi.png */ = {isa = PBXFileReference; lastKnownFileType = image.png; path = cardFuchi.png; sourceTree = "<group>"; };
		EA22C5341BA3FE1F008CFA45 /* Social.framework */ = {isa = PBXFileReference; lastKnownFileType = wrapper.framework; name = Social.framework; path = System/Library/Frameworks/Social.framework; sourceTree = SDKROOT; };
		EA422C491B47B38D0008C87E /* AdSupport.framework */ = {isa = PBXFileReference; lastKnownFileType = wrapper.framework; name = AdSupport.framework; path = System/Library/Frameworks/AdSupport.framework; sourceTree = SDKROOT; };
		EA422C4B1B47B39B0008C87E /* AudioToolbox.framework */ = {isa = PBXFileReference; lastKnownFileType = wrapper.framework; name = AudioToolbox.framework; path = System/Library/Frameworks/AudioToolbox.framework; sourceTree = SDKROOT; };
		EA422C4D1B47B3A70008C87E /* AVFoundation.framework */ = {isa = PBXFileReference; lastKnownFileType = wrapper.framework; name = AVFoundation.framework; path = System/Library/Frameworks/AVFoundation.framework; sourceTree = SDKROOT; };
		EA422C4F1B47B3B50008C87E /* CoreGraphics.framework */ = {isa = PBXFileReference; lastKnownFileType = wrapper.framework; name = CoreGraphics.framework; path = System/Library/Frameworks/CoreGraphics.framework; sourceTree = SDKROOT; };
		EA422C511B47B3C90008C87E /* CoreTelephony.framework */ = {isa = PBXFileReference; lastKnownFileType = wrapper.framework; name = CoreTelephony.framework; path = System/Library/Frameworks/CoreTelephony.framework; sourceTree = SDKROOT; };
		EA422C531B47B3D70008C87E /* EventKit.framework */ = {isa = PBXFileReference; lastKnownFileType = wrapper.framework; name = EventKit.framework; path = System/Library/Frameworks/EventKit.framework; sourceTree = SDKROOT; };
		EA422C551B47B3E20008C87E /* EventKitUI.framework */ = {isa = PBXFileReference; lastKnownFileType = wrapper.framework; name = EventKitUI.framework; path = System/Library/Frameworks/EventKitUI.framework; sourceTree = SDKROOT; };
		EA422C571B47B3ED0008C87E /* MessageUI.framework */ = {isa = PBXFileReference; lastKnownFileType = wrapper.framework; name = MessageUI.framework; path = System/Library/Frameworks/MessageUI.framework; sourceTree = SDKROOT; };
		EA422C5B1B47B4070008C87E /* SystemConfiguration.framework */ = {isa = PBXFileReference; lastKnownFileType = wrapper.framework; name = SystemConfiguration.framework; path = System/Library/Frameworks/SystemConfiguration.framework; sourceTree = SDKROOT; };
		EA422C5D1B47B4E90008C87E /* HomeViewController.swift */ = {isa = PBXFileReference; fileEncoding = 4; lastKnownFileType = sourcecode.swift; path = HomeViewController.swift; sourceTree = "<group>"; };
		EA422C5F1B47B6980008C87E /* AdMob-Bridging-Header.h */ = {isa = PBXFileReference; lastKnownFileType = sourcecode.c.h; path = "AdMob-Bridging-Header.h"; sourceTree = "<group>"; };
		EA64132A1BAE771400D34B70 /* school_kokubankeshi.png */ = {isa = PBXFileReference; lastKnownFileType = image.png; path = school_kokubankeshi.png; sourceTree = "<group>"; };
		EA64132C1BAE7C5100D34B70 /* kokubankeshi.png */ = {isa = PBXFileReference; lastKnownFileType = image.png; path = kokubankeshi.png; sourceTree = "<group>"; };
		EA64132E1BAE7D0000D34B70 /* KodomoRounded-Light.otf */ = {isa = PBXFileReference; lastKnownFileType = file; path = "KodomoRounded-Light.otf"; sourceTree = "<group>"; };
		EA6413311BAE7EC600D34B70 /* titleMarubbatsu.png */ = {isa = PBXFileReference; lastKnownFileType = image.png; path = titleMarubbatsu.png; sourceTree = "<group>"; };
		EA6CA5471BB04BFC000EA920 /* GoogleMobileAds.framework */ = {isa = PBXFileReference; lastKnownFileType = wrapper.framework; path = GoogleMobileAds.framework; sourceTree = "<group>"; };
		EA6FE7D91B58DF2000D09C82 /* StoreKit.framework */ = {isa = PBXFileReference; lastKnownFileType = wrapper.framework; name = StoreKit.framework; path = System/Library/Frameworks/StoreKit.framework; sourceTree = SDKROOT; };
		EA79BFF51B3D0586002CBAFF /* vsViewController.swift */ = {isa = PBXFileReference; fileEncoding = 4; lastKnownFileType = sourcecode.swift; path = vsViewController.swift; sourceTree = "<group>"; };
		EAAEB51E1BA4340C009BA7B5 /* shareontwitter.png */ = {isa = PBXFileReference; lastKnownFileType = image.png; path = shareontwitter.png; sourceTree = "<group>"; };
		EAAEB5201BA44069009BA7B5 /* notification.png */ = {isa = PBXFileReference; lastKnownFileType = image.png; path = notification.png; sourceTree = "<group>"; };
		EAC449E61BAC2238002DB943 /* Main3.5.storyboard */ = {isa = PBXFileReference; fileEncoding = 4; lastKnownFileType = file.storyboard; path = Main3.5.storyboard; sourceTree = "<group>"; };
		EAC449E81BAE5BA4002DB943 /* chalk.png */ = {isa = PBXFileReference; lastKnownFileType = image.png; path = chalk.png; sourceTree = "<group>"; };
		EAC449EA1BAE5C49002DB943 /* chalk2.png */ = {isa = PBXFileReference; lastKnownFileType = image.png; path = chalk2.png; sourceTree = "<group>"; };
		EAC449EC1BAE5C8E002DB943 /* chalk3.png */ = {isa = PBXFileReference; lastKnownFileType = image.png; path = chalk3.png; sourceTree = "<group>"; };
		EAC449EE1BAE5DFB002DB943 /* chalk5.png */ = {isa = PBXFileReference; lastKnownFileType = image.png; path = chalk5.png; sourceTree = "<group>"; };
		EAC449F01BAE6130002DB943 /* chalk7.png */ = {isa = PBXFileReference; lastKnownFileType = image.png; path = chalk7.png; sourceTree = "<group>"; };
		EAE1BFDE1B353FD20059DFFD /* RankingViewController.swift */ = {isa = PBXFileReference; fileEncoding = 4; lastKnownFileType = sourcecode.swift; path = RankingViewController.swift; sourceTree = "<group>"; };
/* End PBXFileReference section */

/* Begin PBXFrameworksBuildPhase section */
		EA1290C71B0F5AD700C95C12 /* Frameworks */ = {
			isa = PBXFrameworksBuildPhase;
			buildActionMask = 2147483647;
			files = (
				EA422C5C1B47B4070008C87E /* SystemConfiguration.framework in Frameworks */,
				EA22C5351BA3FE1F008CFA45 /* Social.framework in Frameworks */,
				EA422C581B47B3ED0008C87E /* MessageUI.framework in Frameworks */,
				EA422C561B47B3E20008C87E /* EventKitUI.framework in Frameworks */,
				EA422C541B47B3D70008C87E /* EventKit.framework in Frameworks */,
				EA422C521B47B3C90008C87E /* CoreTelephony.framework in Frameworks */,
				EA6CA5481BB04BFC000EA920 /* GoogleMobileAds.framework in Frameworks */,
				EA422C501B47B3B50008C87E /* CoreGraphics.framework in Frameworks */,
				EA422C4E1B47B3A70008C87E /* AVFoundation.framework in Frameworks */,
				EA422C4C1B47B39B0008C87E /* AudioToolbox.framework in Frameworks */,
				EA422C4A1B47B38D0008C87E /* AdSupport.framework in Frameworks */,
				EA6FE7DA1B58DF2000D09C82 /* StoreKit.framework in Frameworks */,
			);
			runOnlyForDeploymentPostprocessing = 0;
		};
		EA1290DC1B0F5AD700C95C12 /* Frameworks */ = {
			isa = PBXFrameworksBuildPhase;
			buildActionMask = 2147483647;
			files = (
			);
			runOnlyForDeploymentPostprocessing = 0;
		};
/* End PBXFrameworksBuildPhase section */

/* Begin PBXGroup section */
		EA1290C11B0F5AD700C95C12 = {
			isa = PBXGroup;
			children = (
				EA6CA5471BB04BFC000EA920 /* GoogleMobileAds.framework */,
				EA22C5341BA3FE1F008CFA45 /* Social.framework */,
				EA6FE7D91B58DF2000D09C82 /* StoreKit.framework */,
				EA422C5B1B47B4070008C87E /* SystemConfiguration.framework */,
				EA422C571B47B3ED0008C87E /* MessageUI.framework */,
				EA422C551B47B3E20008C87E /* EventKitUI.framework */,
				EA422C531B47B3D70008C87E /* EventKit.framework */,
				EA422C511B47B3C90008C87E /* CoreTelephony.framework */,
				EA422C4F1B47B3B50008C87E /* CoreGraphics.framework */,
				EA422C4D1B47B3A70008C87E /* AVFoundation.framework */,
				EA422C4B1B47B39B0008C87E /* AudioToolbox.framework */,
				EA422C491B47B38D0008C87E /* AdSupport.framework */,
				EA1290CC1B0F5AD700C95C12 /* marubatsu */,
				EA1290E21B0F5AD700C95C12 /* marubatsuTests */,
				EA1290CB1B0F5AD700C95C12 /* Products */,
			);
			sourceTree = "<group>";
		};
		EA1290CB1B0F5AD700C95C12 /* Products */ = {
			isa = PBXGroup;
			children = (
				EA1290CA1B0F5AD700C95C12 /* marubatsu.app */,
				EA1290DF1B0F5AD700C95C12 /* marubatsuTests.xctest */,
			);
			name = Products;
			sourceTree = "<group>";
		};
		EA1290CC1B0F5AD700C95C12 /* marubatsu */ = {
			isa = PBXGroup;
			children = (
				EA1290CF1B0F5AD700C95C12 /* AppDelegate.swift */,
				EA422C5D1B47B4E90008C87E /* HomeViewController.swift */,
				EAE1BFDE1B353FD20059DFFD /* RankingViewController.swift */,
				EA1290D11B0F5AD700C95C12 /* ViewController.swift */,
				EA79BFF51B3D0586002CBAFF /* vsViewController.swift */,
				EA1290D31B0F5AD700C95C12 /* Main.storyboard */,
				EAC449E61BAC2238002DB943 /* Main3.5.storyboard */,
				EA422C5F1B47B6980008C87E /* AdMob-Bridging-Header.h */,
				EAAEB5201BA44069009BA7B5 /* notification.png */,
				EA1FE5FB1B1008F100BB8A6B /* cardFuchi.png */,
				EA11FA8C1BA5CAA3008838CE /* player1button.png */,
				EA11FA871BA5A63C008838CE /* p2button.png */,
				EA11FA8A1BA5A711008838CE /* standardbutton.png */,
				EAAEB51E1BA4340C009BA7B5 /* shareontwitter.png */,
				EAC449E81BAE5BA4002DB943 /* chalk.png */,
				EAC449EA1BAE5C49002DB943 /* chalk2.png */,
				EAC449EC1BAE5C8E002DB943 /* chalk3.png */,
				EAC449EE1BAE5DFB002DB943 /* chalk5.png */,
				EAC449F01BAE6130002DB943 /* chalk7.png */,
				EA64132A1BAE771400D34B70 /* school_kokubankeshi.png */,
				EA64132C1BAE7C5100D34B70 /* kokubankeshi.png */,
				EA64132E1BAE7D0000D34B70 /* KodomoRounded-Light.otf */,
				EA6413311BAE7EC600D34B70 /* titleMarubbatsu.png */,
				EA1290D61B0F5AD700C95C12 /* Images.xcassets */,
				EA1290D81B0F5AD700C95C12 /* LaunchScreen.xib */,
				EA1290CD1B0F5AD700C95C12 /* Supporting Files */,
			);
			path = marubatsu;
			sourceTree = "<group>";
		};
		EA1290CD1B0F5AD700C95C12 /* Supporting Files */ = {
			isa = PBXGroup;
			children = (
				EA1290CE1B0F5AD700C95C12 /* Info.plist */,
			);
			name = "Supporting Files";
			sourceTree = "<group>";
		};
		EA1290E21B0F5AD700C95C12 /* marubatsuTests */ = {
			isa = PBXGroup;
			children = (
				EA1290E51B0F5AD700C95C12 /* marubatsuTests.swift */,
				EA1290E31B0F5AD700C95C12 /* Supporting Files */,
			);
			path = marubatsuTests;
			sourceTree = "<group>";
		};
		EA1290E31B0F5AD700C95C12 /* Supporting Files */ = {
			isa = PBXGroup;
			children = (
				EA1290E41B0F5AD700C95C12 /* Info.plist */,
			);
			name = "Supporting Files";
			sourceTree = "<group>";
		};
/* End PBXGroup section */

/* Begin PBXNativeTarget section */
		EA1290C91B0F5AD700C95C12 /* marubatsu */ = {
			isa = PBXNativeTarget;
			buildConfigurationList = EA1290E91B0F5AD700C95C12 /* Build configuration list for PBXNativeTarget "marubatsu" */;
			buildPhases = (
				EA1290C61B0F5AD700C95C12 /* Sources */,
				EA1290C71B0F5AD700C95C12 /* Frameworks */,
				EA1290C81B0F5AD700C95C12 /* Resources */,
			);
			buildRules = (
			);
			dependencies = (
			);
			name = marubatsu;
			productName = marubatsu;
			productReference = EA1290CA1B0F5AD700C95C12 /* marubatsu.app */;
			productType = "com.apple.product-type.application";
		};
		EA1290DE1B0F5AD700C95C12 /* marubatsuTests */ = {
			isa = PBXNativeTarget;
			buildConfigurationList = EA1290EC1B0F5AD700C95C12 /* Build configuration list for PBXNativeTarget "marubatsuTests" */;
			buildPhases = (
				EA1290DB1B0F5AD700C95C12 /* Sources */,
				EA1290DC1B0F5AD700C95C12 /* Frameworks */,
				EA1290DD1B0F5AD700C95C12 /* Resources */,
			);
			buildRules = (
			);
			dependencies = (
				EA1290E11B0F5AD700C95C12 /* PBXTargetDependency */,
			);
			name = marubatsuTests;
			productName = marubatsuTests;
			productReference = EA1290DF1B0F5AD700C95C12 /* marubatsuTests.xctest */;
			productType = "com.apple.product-type.bundle.unit-test";
		};
/* End PBXNativeTarget section */

/* Begin PBXProject section */
		EA1290C21B0F5AD700C95C12 /* Project object */ = {
			isa = PBXProject;
			attributes = {
				LastSwiftMigration = 0700;
				LastSwiftUpdateCheck = 0700;
				LastUpgradeCheck = 0700;
				ORGANIZATIONNAME = "Mikito Kanamori";
				TargetAttributes = {
					EA1290C91B0F5AD700C95C12 = {
						CreatedOnToolsVersion = 6.2;
						DevelopmentTeam = 3GY95F449H;
						SystemCapabilities = {
							com.apple.InAppPurchase = {
								enabled = 1;
							};
						};
					};
					EA1290DE1B0F5AD700C95C12 = {
						CreatedOnToolsVersion = 6.2;
						TestTargetID = EA1290C91B0F5AD700C95C12;
					};
				};
			};
			buildConfigurationList = EA1290C51B0F5AD700C95C12 /* Build configuration list for PBXProject "marubatsu" */;
			compatibilityVersion = "Xcode 3.2";
			developmentRegion = English;
			hasScannedForEncodings = 0;
			knownRegions = (
				en,
				Base,
			);
			mainGroup = EA1290C11B0F5AD700C95C12;
			productRefGroup = EA1290CB1B0F5AD700C95C12 /* Products */;
			projectDirPath = "";
			projectRoot = "";
			targets = (
				EA1290C91B0F5AD700C95C12 /* marubatsu */,
				EA1290DE1B0F5AD700C95C12 /* marubatsuTests */,
			);
		};
/* End PBXProject section */

/* Begin PBXResourcesBuildPhase section */
		EA1290C81B0F5AD700C95C12 /* Resources */ = {
			isa = PBXResourcesBuildPhase;
			buildActionMask = 2147483647;
			files = (
				EA64132D1BAE7C5100D34B70 /* kokubankeshi.png in Resources */,
				EA1290D51B0F5AD700C95C12 /* Main.storyboard in Resources */,
				EAAEB5211BA44069009BA7B5 /* notification.png in Resources */,
				EA11FA8B1BA5A711008838CE /* standardbutton.png in Resources */,
				EAC449E91BAE5BA4002DB943 /* chalk.png in Resources */,
				EA1FE5FC1B1008F100BB8A6B /* cardFuchi.png in Resources */,
				EAC449EF1BAE5DFB002DB943 /* chalk5.png in Resources */,
				EA1290DA1B0F5AD700C95C12 /* LaunchScreen.xib in Resources */,
				EAC449F11BAE6130002DB943 /* chalk7.png in Resources */,
				EA11FA8D1BA5CAA3008838CE /* player1button.png in Resources */,
				EAC449E71BAC2238002DB943 /* Main3.5.storyboard in Resources */,
				EAAEB51F1BA4340C009BA7B5 /* shareontwitter.png in Resources */,
				EA1290D71B0F5AD700C95C12 /* Images.xcassets in Resources */,
				EAC449EB1BAE5C49002DB943 /* chalk2.png in Resources */,
				EA11FA891BA5A63C008838CE /* p2button.png in Resources */,
				EAC449ED1BAE5C8E002DB943 /* chalk3.png in Resources */,
				EA6413321BAE7EC600D34B70 /* titleMarubbatsu.png in Resources */,
				EA64132B1BAE771400D34B70 /* school_kokubankeshi.png in Resources */,
			);
			runOnlyForDeploymentPostprocessing = 0;
		};
		EA1290DD1B0F5AD700C95C12 /* Resources */ = {
			isa = PBXResourcesBuildPhase;
			buildActionMask = 2147483647;
			files = (
			);
			runOnlyForDeploymentPostprocessing = 0;
		};
/* End PBXResourcesBuildPhase section */

/* Begin PBXSourcesBuildPhase section */
		EA1290C61B0F5AD700C95C12 /* Sources */ = {
			isa = PBXSourcesBuildPhase;
			buildActionMask = 2147483647;
			files = (
				EA422C5E1B47B4E90008C87E /* HomeViewController.swift in Sources */,
				EA1290D21B0F5AD700C95C12 /* ViewController.swift in Sources */,
				EA79BFF61B3D0586002CBAFF /* vsViewController.swift in Sources */,
				EA1290D01B0F5AD700C95C12 /* AppDelegate.swift in Sources */,
				EAE1BFDF1B353FD20059DFFD /* RankingViewController.swift in Sources */,
			);
			runOnlyForDeploymentPostprocessing = 0;
		};
		EA1290DB1B0F5AD700C95C12 /* Sources */ = {
			isa = PBXSourcesBuildPhase;
			buildActionMask = 2147483647;
			files = (
				EA1290E61B0F5AD700C95C12 /* marubatsuTests.swift in Sources */,
			);
			runOnlyForDeploymentPostprocessing = 0;
		};
/* End PBXSourcesBuildPhase section */

/* Begin PBXTargetDependency section */
		EA1290E11B0F5AD700C95C12 /* PBXTargetDependency */ = {
			isa = PBXTargetDependency;
			target = EA1290C91B0F5AD700C95C12 /* marubatsu */;
			targetProxy = EA1290E01B0F5AD700C95C12 /* PBXContainerItemProxy */;
		};
/* End PBXTargetDependency section */

/* Begin PBXVariantGroup section */
		EA1290D31B0F5AD700C95C12 /* Main.storyboard */ = {
			isa = PBXVariantGroup;
			children = (
				EA1290D41B0F5AD700C95C12 /* Base */,
			);
			name = Main.storyboard;
			sourceTree = "<group>";
		};
		EA1290D81B0F5AD700C95C12 /* LaunchScreen.xib */ = {
			isa = PBXVariantGroup;
			children = (
				EA1290D91B0F5AD700C95C12 /* Base */,
			);
			name = LaunchScreen.xib;
			sourceTree = "<group>";
		};
/* End PBXVariantGroup section */

/* Begin XCBuildConfiguration section */
		EA1290E71B0F5AD700C95C12 /* Debug */ = {
			isa = XCBuildConfiguration;
			buildSettings = {
				ALWAYS_SEARCH_USER_PATHS = NO;
				CLANG_CXX_LANGUAGE_STANDARD = "gnu++0x";
				CLANG_CXX_LIBRARY = "libc++";
				CLANG_ENABLE_MODULES = YES;
				CLANG_ENABLE_OBJC_ARC = YES;
				CLANG_WARN_BOOL_CONVERSION = YES;
				CLANG_WARN_CONSTANT_CONVERSION = YES;
				CLANG_WARN_DIRECT_OBJC_ISA_USAGE = YES_ERROR;
				CLANG_WARN_EMPTY_BODY = YES;
				CLANG_WARN_ENUM_CONVERSION = YES;
				CLANG_WARN_INT_CONVERSION = YES;
				CLANG_WARN_OBJC_ROOT_CLASS = YES_ERROR;
				CLANG_WARN_UNREACHABLE_CODE = YES;
				CLANG_WARN__DUPLICATE_METHOD_MATCH = YES;
				"CODE_SIGN_IDENTITY[sdk=iphoneos*]" = "iPhone Developer";
				COPY_PHASE_STRIP = NO;
				ENABLE_STRICT_OBJC_MSGSEND = YES;
				ENABLE_TESTABILITY = YES;
				GCC_C_LANGUAGE_STANDARD = gnu99;
				GCC_DYNAMIC_NO_PIC = NO;
				GCC_OPTIMIZATION_LEVEL = 0;
				GCC_PREPROCESSOR_DEFINITIONS = (
					"DEBUG=1",
					"$(inherited)",
				);
				GCC_SYMBOLS_PRIVATE_EXTERN = NO;
				GCC_WARN_64_TO_32_BIT_CONVERSION = YES;
				GCC_WARN_ABOUT_RETURN_TYPE = YES_ERROR;
				GCC_WARN_UNDECLARED_SELECTOR = YES;
				GCC_WARN_UNINITIALIZED_AUTOS = YES_AGGRESSIVE;
				GCC_WARN_UNUSED_FUNCTION = YES;
				GCC_WARN_UNUSED_VARIABLE = YES;
				IPHONEOS_DEPLOYMENT_TARGET = 8.0;
				MTL_ENABLE_DEBUG_INFO = YES;
				ONLY_ACTIVE_ARCH = YES;
				SDKROOT = iphoneos;
				SWIFT_OBJC_BRIDGING_HEADER = "$(SRCROOT)/$(PROJECT)/AdMob-Bridging-Header.h";
				SWIFT_OPTIMIZATION_LEVEL = "-Onone";
			};
			name = Debug;
		};
		EA1290E81B0F5AD700C95C12 /* Release */ = {
			isa = XCBuildConfiguration;
			buildSettings = {
				ALWAYS_SEARCH_USER_PATHS = NO;
				CLANG_CXX_LANGUAGE_STANDARD = "gnu++0x";
				CLANG_CXX_LIBRARY = "libc++";
				CLANG_ENABLE_MODULES = YES;
				CLANG_ENABLE_OBJC_ARC = YES;
				CLANG_WARN_BOOL_CONVERSION = YES;
				CLANG_WARN_CONSTANT_CONVERSION = YES;
				CLANG_WARN_DIRECT_OBJC_ISA_USAGE = YES_ERROR;
				CLANG_WARN_EMPTY_BODY = YES;
				CLANG_WARN_ENUM_CONVERSION = YES;
				CLANG_WARN_INT_CONVERSION = YES;
				CLANG_WARN_OBJC_ROOT_CLASS = YES_ERROR;
				CLANG_WARN_UNREACHABLE_CODE = YES;
				CLANG_WARN__DUPLICATE_METHOD_MATCH = YES;
				"CODE_SIGN_IDENTITY[sdk=iphoneos*]" = "iPhone Developer";
				COPY_PHASE_STRIP = NO;
				ENABLE_NS_ASSERTIONS = NO;
				ENABLE_STRICT_OBJC_MSGSEND = YES;
				GCC_C_LANGUAGE_STANDARD = gnu99;
				GCC_WARN_64_TO_32_BIT_CONVERSION = YES;
				GCC_WARN_ABOUT_RETURN_TYPE = YES_ERROR;
				GCC_WARN_UNDECLARED_SELECTOR = YES;
				GCC_WARN_UNINITIALIZED_AUTOS = YES_AGGRESSIVE;
				GCC_WARN_UNUSED_FUNCTION = YES;
				GCC_WARN_UNUSED_VARIABLE = YES;
				IPHONEOS_DEPLOYMENT_TARGET = 8.0;
				MTL_ENABLE_DEBUG_INFO = NO;
				SDKROOT = iphoneos;
				SWIFT_OBJC_BRIDGING_HEADER = "$(SRCROOT)/$(PROJECT)/AdMob-Bridging-Header.h";
				VALIDATE_PRODUCT = YES;
			};
			name = Release;
		};
		EA1290EA1B0F5AD700C95C12 /* Debug */ = {
			isa = XCBuildConfiguration;
			buildSettings = {
				ASSETCATALOG_COMPILER_APPICON_NAME = AppIcon;
				ASSETCATALOG_COMPILER_LAUNCHIMAGE_NAME = LaunchImage;
				CODE_SIGN_IDENTITY = "iPhone Developer";
				"CODE_SIGN_IDENTITY[sdk=iphoneos*]" = "iPhone Developer";
				FRAMEWORK_SEARCH_PATHS = (
					"$(inherited)",
					"/Users/kanamorimikito/Desktop/GoogleMobileAdsSdkiOS-7.3.1",
					"$(PROJECT_DIR)",
					"$(PROJECT_DIR)/marubatsu/GoogleMobileAdsSdkiOS-7.3.1",
					"$(PROJECT_DIR)/marubatsu",
				);
				INFOPLIST_FILE = marubatsu/Info.plist;
				IPHONEOS_DEPLOYMENT_TARGET = 8.0;
				LD_RUNPATH_SEARCH_PATHS = "$(inherited) @executable_path/Frameworks";
				LIBRARY_SEARCH_PATHS = (
					"$(inherited)",
					"$(PROJECT_DIR)/GoogleAnalyticsServicesiOS_3.13",
					"$(PROJECT_DIR)/marubatsu/GoogleAnalyticsServicesiOS_3.13",
				);
				OTHER_LDFLAGS = "-ObjC";
				PRODUCT_BUNDLE_IDENTIFIER = marubatsu.mikito.first;
				PRODUCT_NAME = "$(TARGET_NAME)";
				PROVISIONING_PROFILE = "";
				SWIFT_OBJC_BRIDGING_HEADER = "$(SRCROOT)/$(PROJECT)/AdMob-Bridging-Header.h";
			};
			name = Debug;
		};
		EA1290EB1B0F5AD700C95C12 /* Release */ = {
			isa = XCBuildConfiguration;
			buildSettings = {
				ASSETCATALOG_COMPILER_APPICON_NAME = AppIcon;
				ASSETCATALOG_COMPILER_LAUNCHIMAGE_NAME = LaunchImage;
				CODE_SIGN_IDENTITY = "iPhone Developer";
				"CODE_SIGN_IDENTITY[sdk=iphoneos*]" = "iPhone Developer";
				FRAMEWORK_SEARCH_PATHS = (
					"$(inherited)",
					"/Users/kanamorimikito/Desktop/GoogleMobileAdsSdkiOS-7.3.1",
					"$(PROJECT_DIR)",
					"$(PROJECT_DIR)/marubatsu/GoogleMobileAdsSdkiOS-7.3.1",
					"$(PROJECT_DIR)/marubatsu",
				);
				INFOPLIST_FILE = marubatsu/Info.plist;
				IPHONEOS_DEPLOYMENT_TARGET = 8.0;
				LD_RUNPATH_SEARCH_PATHS = "$(inherited) @executable_path/Frameworks";
				LIBRARY_SEARCH_PATHS = (
					"$(inherited)",
					"$(PROJECT_DIR)/GoogleAnalyticsServicesiOS_3.13",
					"$(PROJECT_DIR)/marubatsu/GoogleAnalyticsServicesiOS_3.13",
				);
				OTHER_LDFLAGS = "-ObjC";
				PRODUCT_BUNDLE_IDENTIFIER = marubatsu.mikito.first;
				PRODUCT_NAME = "$(TARGET_NAME)";
				PROVISIONING_PROFILE = "";
				SWIFT_OBJC_BRIDGING_HEADER = "$(SRCROOT)/$(PROJECT)/AdMob-Bridging-Header.h";
			};
			name = Release;
		};
		EA1290ED1B0F5AD700C95C12 /* Debug */ = {
			isa = XCBuildConfiguration;
			buildSettings = {
				BUNDLE_LOADER = "$(TEST_HOST)";
				FRAMEWORK_SEARCH_PATHS = (
					"$(SDKROOT)/Developer/Library/Frameworks",
					"$(inherited)",
				);
				GCC_PREPROCESSOR_DEFINITIONS = (
					"DEBUG=1",
					"$(inherited)",
				);
				INFOPLIST_FILE = marubatsuTests/Info.plist;
				LD_RUNPATH_SEARCH_PATHS = "$(inherited) @executable_path/Frameworks @loader_path/Frameworks";
				PRODUCT_BUNDLE_IDENTIFIER = "com.mikito.$(PRODUCT_NAME:rfc1034identifier)";
				PRODUCT_NAME = "$(TARGET_NAME)";
				TEST_HOST = "$(BUILT_PRODUCTS_DIR)/marubatsu.app/marubatsu";
			};
			name = Debug;
		};
		EA1290EE1B0F5AD700C95C12 /* Release */ = {
			isa = XCBuildConfiguration;
			buildSettings = {
				BUNDLE_LOADER = "$(TEST_HOST)";
				FRAMEWORK_SEARCH_PATHS = (
					"$(SDKROOT)/Developer/Library/Frameworks",
					"$(inherited)",
				);
				INFOPLIST_FILE = marubatsuTests/Info.plist;
				LD_RUNPATH_SEARCH_PATHS = "$(inherited) @executable_path/Frameworks @loader_path/Frameworks";
				PRODUCT_BUNDLE_IDENTIFIER = "com.mikito.$(PRODUCT_NAME:rfc1034identifier)";
				PRODUCT_NAME = "$(TARGET_NAME)";
				TEST_HOST = "$(BUILT_PRODUCTS_DIR)/marubatsu.app/marubatsu";
			};
			name = Release;
		};
/* End XCBuildConfiguration section */

/* Begin XCConfigurationList section */
		EA1290C51B0F5AD700C95C12 /* Build configuration list for PBXProject "marubatsu" */ = {
			isa = XCConfigurationList;
			buildConfigurations = (
				EA1290E71B0F5AD700C95C12 /* Debug */,
				EA1290E81B0F5AD700C95C12 /* Release */,
			);
			defaultConfigurationIsVisible = 0;
			defaultConfigurationName = Release;
		};
		EA1290E91B0F5AD700C95C12 /* Build configuration list for PBXNativeTarget "marubatsu" */ = {
			isa = XCConfigurationList;
			buildConfigurations = (
				EA1290EA1B0F5AD700C95C12 /* Debug */,
				EA1290EB1B0F5AD700C95C12 /* Release */,
			);
			defaultConfigurationIsVisible = 0;
			defaultConfigurationName = Release;
		};
		EA1290EC1B0F5AD700C95C12 /* Build configuration list for PBXNativeTarget "marubatsuTests" */ = {
			isa = XCConfigurationList;
			buildConfigurations = (
				EA1290ED1B0F5AD700C95C12 /* Debug */,
				EA1290EE1B0F5AD700C95C12 /* Release */,
			);
			defaultConfigurationIsVisible = 0;
			defaultConfigurationName = Release;
		};
/* End XCConfigurationList section */
	};
	rootObject = EA1290C21B0F5AD700C95C12 /* Project object */;
}
